
Microsoft Visual Studio Solution File, Format Version 12.00
# Visual Studio Version 17
VisualStudioVersion = 17.14.37216.2 d17.14
MinimumVisualStudioVersion = 10.0.40219.1
Project("{FAE04EC0-301F-11D3-BF4B-00C04F79EFBC}") = "UserInterface", "UserInterface\UserInterface.csproj", "{454014A2-98ED-4838-8125-F5E82AA8AF07}"
EndProject
Global
	GlobalSection(SolutionConfigurationPlatforms) = preSolution
		Debug|Any CPU = Debug|Any CPU
		Release|Any CPU = Release|Any CPU
	EndGlobalSection
	GlobalSection(ProjectConfigurationPlatforms) = postSolution
		{454014A2-98ED-4838-8125-F5E82AA8AF07}.Debug|Any CPU.ActiveCfg = Debug|Any CPU
		{454014A2-98ED-4838-8125-F5E82AA8AF07}.Debug|Any CPU.Build.0 = Debug|Any CPU
		{454014A2-98ED-4838-8125-F5E82AA8AF07}.Release|Any CPU.ActiveCfg = Release|Any CPU
		{454014A2-98ED-4838-8125-F5E82AA8AF07}.Release|Any CPU.Build.0 = Release|Any CPU
	EndGlobalSection
	GlobalSection(SolutionProperties) = preSolution
		HideSolutionNode = FALSE
	EndGlobalSection
	GlobalSection(ExtensibilityGlobals) = postSolution
		SolutionGuid = {5A5490AC-01AA-4593-802A-C325E4A4FBF5}
	EndGlobalSection
EndGlobal
